{
    "_meta": {
        "hash": {
            "sha256": "634cf4eefb165477d23d923eb13ac839a88b8e6a77d990756fe1ffb23a823a11"
        },
        "pipfile-spec": 6,
        "requires": {},
        "sources": [
            {
                "name": "pip_conf_index_global",
                "url": "https://pypi.tuna.tsinghua.edu.cn/simple",
                "verify_ssl": true
            }
        ]
    },
    "default": {},
    "develop": {}
}
